
Microsoft Visual Studio Solution File, Format Version 12.00
# Visual Studio Version 16
VisualStudioVersion = 16.0.30309.148
MinimumVisualStudioVersion = 10.0.40219.1
Project("{8BC9CEB8-8B4A-11D0-8D11-00A0C91BC942}") = "Task4-4", "Task4-4\Task4-4.vcxproj", "{A2E967C1-BED6-4CD6-9550-E1A64FCD2D02}"
EndProject
Project("{8BC9CEB8-8B4A-11D0-8D11-00A0C91BC942}") = "Task4-4_tests", "Task4-4_tests\Task4-4_tests.vcxproj", "{5590EDC9-1C3F-4FBC-9707-6469C9170B01}"
EndProject
Global
	GlobalSection(SolutionConfigurationPlatforms) = preSolution
		Debug|x64 = Debug|x64
		Debug|x86 = Debug|x86
		Release|x64 = Release|x64
		Release|x86 = Release|x86
	EndGlobalSection
	GlobalSection(ProjectConfigurationPlatforms) = postSolution
		{A2E967C1-BED6-4CD6-9550-E1A64FCD2D02}.Debug|x64.ActiveCfg = Debug|x64
		{A2E967C1-BED6-4CD6-9550-E1A64FCD2D02}.Debug|x64.Build.0 = Debug|x64
		{A2E967C1-BED6-4CD6-9550-E1A64FCD2D02}.Debug|x86.ActiveCfg = Debug|Win32
		{A2E967C1-BED6-4CD6-9550-E1A64FCD2D02}.Debug|x86.Build.0 = Debug|Win32
		{A2E967C1-BED6-4CD6-9550-E1A64FCD2D02}.Release|x64.ActiveCfg = Release|x64
		{A2E967C1-BED6-4CD6-9550-E1A64FCD2D02}.Release|x64.Build.0 = Release|x64
		{A2E967C1-BED6-4CD6-9550-E1A64FCD2D02}.Release|x86.ActiveCfg = Release|Win32
		{A2E967C1-BED6-4CD6-9550-E1A64FCD2D02}.Release|x86.Build.0 = Release|Win32
		{5590EDC9-1C3F-4FBC-9707-6469C9170B01}.Debug|x64.ActiveCfg = Debug|x64
		{5590EDC9-1C3F-4FBC-9707-6469C9170B01}.Debug|x64.Build.0 = Debug|x64
		{5590EDC9-1C3F-4FBC-9707-6469C9170B01}.Debug|x86.ActiveCfg = Debug|Win32
		{5590EDC9-1C3F-4FBC-9707-6469C9170B01}.Debug|x86.Build.0 = Debug|Win32
		{5590EDC9-1C3F-4FBC-9707-6469C9170B01}.Release|x64.ActiveCfg = Release|x64
		{5590EDC9-1C3F-4FBC-9707-6469C9170B01}.Release|x64.Build.0 = Release|x64
		{5590EDC9-1C3F-4FBC-9707-6469C9170B01}.Release|x86.ActiveCfg = Release|Win32
		{5590EDC9-1C3F-4FBC-9707-6469C9170B01}.Release|x86.Build.0 = Release|Win32
	EndGlobalSection
	GlobalSection(SolutionProperties) = preSolution
		HideSolutionNode = FALSE
	EndGlobalSection
	GlobalSection(ExtensibilityGlobals) = postSolution
		SolutionGuid = {D00DD5EC-6BEA-43B6-916C-1A937152093B}
	EndGlobalSection
EndGlobal
