
Microsoft Visual Studio Solution File, Format Version 12.00
# Visual Studio Version 16
VisualStudioVersion = 16.0.30309.148
MinimumVisualStudioVersion = 10.0.40219.1
Project("{8BC9CEB8-8B4A-11D0-8D11-00A0C91BC942}") = "MyString", "MyString\MyString.vcxproj", "{D03401DE-308F-4588-8B8C-D4926CF34FC7}"
EndProject
Project("{8BC9CEB8-8B4A-11D0-8D11-00A0C91BC942}") = "MyStringTests", "MyStringTests\MyStringTests.vcxproj", "{35A6FDA7-20B6-4C19-A4B7-A4299C325D99}"
EndProject
Global
	GlobalSection(SolutionConfigurationPlatforms) = preSolution
		Debug|x64 = Debug|x64
		Debug|x86 = Debug|x86
		Release|x64 = Release|x64
		Release|x86 = Release|x86
	EndGlobalSection
	GlobalSection(ProjectConfigurationPlatforms) = postSolution
		{D03401DE-308F-4588-8B8C-D4926CF34FC7}.Debug|x64.ActiveCfg = Debug|x64
		{D03401DE-308F-4588-8B8C-D4926CF34FC7}.Debug|x64.Build.0 = Debug|x64
		{D03401DE-308F-4588-8B8C-D4926CF34FC7}.Debug|x86.ActiveCfg = Debug|Win32
		{D03401DE-308F-4588-8B8C-D4926CF34FC7}.Debug|x86.Build.0 = Debug|Win32
		{D03401DE-308F-4588-8B8C-D4926CF34FC7}.Release|x64.ActiveCfg = Release|x64
		{D03401DE-308F-4588-8B8C-D4926CF34FC7}.Release|x64.Build.0 = Release|x64
		{D03401DE-308F-4588-8B8C-D4926CF34FC7}.Release|x86.ActiveCfg = Release|Win32
		{D03401DE-308F-4588-8B8C-D4926CF34FC7}.Release|x86.Build.0 = Release|Win32
		{35A6FDA7-20B6-4C19-A4B7-A4299C325D99}.Debug|x64.ActiveCfg = Debug|x64
		{35A6FDA7-20B6-4C19-A4B7-A4299C325D99}.Debug|x64.Build.0 = Debug|x64
		{35A6FDA7-20B6-4C19-A4B7-A4299C325D99}.Debug|x86.ActiveCfg = Debug|Win32
		{35A6FDA7-20B6-4C19-A4B7-A4299C325D99}.Debug|x86.Build.0 = Debug|Win32
		{35A6FDA7-20B6-4C19-A4B7-A4299C325D99}.Release|x64.ActiveCfg = Release|x64
		{35A6FDA7-20B6-4C19-A4B7-A4299C325D99}.Release|x64.Build.0 = Release|x64
		{35A6FDA7-20B6-4C19-A4B7-A4299C325D99}.Release|x86.ActiveCfg = Release|Win32
		{35A6FDA7-20B6-4C19-A4B7-A4299C325D99}.Release|x86.Build.0 = Release|Win32
	EndGlobalSection
	GlobalSection(SolutionProperties) = preSolution
		HideSolutionNode = FALSE
	EndGlobalSection
	GlobalSection(ExtensibilityGlobals) = postSolution
		SolutionGuid = {F90962AA-D1C3-408D-BD4A-40F5DB481027}
	EndGlobalSection
EndGlobal
